
Microsoft Visual Studio Solution File, Format Version 12.00
# Visual Studio 15
VisualStudioVersion = 15.0.28307.168
MinimumVisualStudioVersion = 10.0.40219.1
Project("{8BC9CEB8-8B4A-11D0-8D11-00A0C91BC942}") = "Figures3D", "Figures3D\Figures3D.vcxproj", "{92097E06-C49C-45A3-A229-A07DF21D2BA5}"
EndProject
Global
	GlobalSection(SolutionConfigurationPlatforms) = preSolution
		Debug|x64 = Debug|x64
		Debug|x86 = Debug|x86
		Release|x64 = Release|x64
		Release|x86 = Release|x86
	EndGlobalSection
	GlobalSection(ProjectConfigurationPlatforms) = postSolution
		{92097E06-C49C-45A3-A229-A07DF21D2BA5}.Debug|x64.ActiveCfg = Debug|x64
		{92097E06-C49C-45A3-A229-A07DF21D2BA5}.Debug|x64.Build.0 = Debug|x64
		{92097E06-C49C-45A3-A229-A07DF21D2BA5}.Debug|x86.ActiveCfg = Debug|Win32
		{92097E06-C49C-45A3-A229-A07DF21D2BA5}.Debug|x86.Build.0 = Debug|Win32
		{92097E06-C49C-45A3-A229-A07DF21D2BA5}.Release|x64.ActiveCfg = Release|x64
		{92097E06-C49C-45A3-A229-A07DF21D2BA5}.Release|x64.Build.0 = Release|x64
		{92097E06-C49C-45A3-A229-A07DF21D2BA5}.Release|x86.ActiveCfg = Release|Win32
		{92097E06-C49C-45A3-A229-A07DF21D2BA5}.Release|x86.Build.0 = Release|Win32
	EndGlobalSection
	GlobalSection(SolutionProperties) = preSolution
		HideSolutionNode = FALSE
	EndGlobalSection
	GlobalSection(ExtensibilityGlobals) = postSolution
		SolutionGuid = {FA28CF2A-CB3B-4C4B-88DA-54CAEF3AF154}
	EndGlobalSection
EndGlobal
